// !$*UTF8*$!
{
	archiveVersion = 1;
	classes = {
	};
	objectVersion = 50;
	objects = {

/* Begin PBXBuildFile section */
		212DAECB2196AF1D004563F3 /* AppDelegate.swift in Sources */ = {isa = PBXBuildFile; fileRef = 212DAECA2196AF1D004563F3 /* AppDelegate.swift */; };
		212DAECD2196AF1D004563F3 /* ViewController.swift in Sources */ = {isa = PBXBuildFile; fileRef = 212DAECC2196AF1D004563F3 /* ViewController.swift */; };
		212DAED02196AF1D004563F3 /* Main.storyboard in Resources */ = {isa = PBXBuildFile; fileRef = 212DAECE2196AF1D004563F3 /* Main.storyboard */; };
		212DAED22196AF1F004563F3 /* Assets.xcassets in Resources */ = {isa = PBXBuildFile; fileRef = 212DAED12196AF1F004563F3 /* Assets.xcassets */; };
		212DAED52196AF1F004563F3 /* LaunchScreen.storyboard in Resources */ = {isa = PBXBuildFile; fileRef = 212DAED32196AF1F004563F3 /* LaunchScreen.storyboard */; };
		212DAEDD2196BEE2004563F3 /* Resnet50.mlmodel in Sources */ = {isa = PBXBuildFile; fileRef = 212DAEDC2196BEE2004563F3 /* Resnet50.mlmodel */; };
/* End PBXBuildFile section */

/* Begin PBXFileReference section */
		212DAEC72196AF1D004563F3 /* MLkit.app */ = {isa = PBXFileReference; explicitFileType = wrapper.application; includeInIndex = 0; path = MLkit.app; sourceTree = BUILT_PRODUCTS_DIR; };
		212DAECA2196AF1D004563F3 /* AppDelegate.swift */ = {isa = PBXFileReference; lastKnownFileType = sourcecode.swift; path = AppDelegate.swift; sourceTree = "<group>"; };
		212DAECC2196AF1D004563F3 /* ViewController.swift */ = {isa = PBXFileReference; lastKnownFileType = sourcecode.swift; path = ViewController.swift; sourceTree = "<group>"; };
		212DAECF2196AF1D004563F3 /* Base */ = {isa = PBXFileReference; lastKnownFileType = file.storyboard; name = Base; path = Base.lproj/Main.storyboard; sourceTree = "<group>"; };
		212DAED12196AF1F004563F3 /* Assets.xcassets */ = {isa = PBXFileReference; lastKnownFileType = folder.assetcatalog; path = Assets.xcassets; sourceTree = "<group>"; };
		212DAED42196AF1F004563F3 /* Base */ = {isa = PBXFileReference; lastKnownFileType = file.storyboard; name = Base; path = Base.lproj/LaunchScreen.storyboard; sourceTree = "<group>"; };
		212DAED62196AF1F004563F3 /* Info.plist */ = {isa = PBXFileReference; lastKnownFileType = text.plist.xml; path = Info.plist; sourceTree = "<group>"; };
		212DAEDC2196BEE2004563F3 /* Resnet50.mlmodel */ = {isa = PBXFileReference; lastKnownFileType = file.mlmodel; path = Resnet50.mlmodel; sourceTree = "<group>"; };
/* End PBXFileReference section */

/* Begin PBXFrameworksBuildPhase section */
		212DAEC42196AF1D004563F3 /* Frameworks */ = {
			isa = PBXFrameworksBuildPhase;
			buildActionMask = 2147483647;
			files = (
			);
			runOnlyForDeploymentPostprocessing = 0;
		};
/* End PBXFrameworksBuildPhase section */

/* Begin PBXGroup section */
		212DAEBE2196AF1D004563F3 = {
			isa = PBXGroup;
			children = (
				212DAEC92196AF1D004563F3 /* MLkit */,
				212DAEC82196AF1D004563F3 /* Products */,
			);
			sourceTree = "<group>";
		};
		212DAEC82196AF1D004563F3 /* Products */ = {
			isa = PBXGroup;
			children = (
				212DAEC72196AF1D004563F3 /* MLkit.app */,
			);
			name = Products;
			sourceTree = "<group>";
		};
		212DAEC92196AF1D004563F3 /* MLkit */ = {
			isa = PBXGroup;
			children = (
				212DAECA2196AF1D004563F3 /* AppDelegate.swift */,
				212DAEDC2196BEE2004563F3 /* Resnet50.mlmodel */,
				212DAECC2196AF1D004563F3 /* ViewController.swift */,
				212DAECE2196AF1D004563F3 /* Main.storyboard */,
				212DAED12196AF1F004563F3 /* Assets.xcassets */,
				212DAED32196AF1F004563F3 /* LaunchScreen.storyboard */,
				212DAED62196AF1F004563F3 /* Info.plist */,
			);
			path = MLkit;
			sourceTree = "<group>";
		};
/* End PBXGroup section */

/* Begin PBXNativeTarget section */
		212DAEC62196AF1D004563F3 /* MLkit */ = {
			isa = PBXNativeTarget;
			buildConfigurationList = 212DAED92196AF1F004563F3 /* Build configuration list for PBXNativeTarget "MLkit" */;
			buildPhases = (
				212DAEC32196AF1D004563F3 /* Sources */,
				212DAEC42196AF1D004563F3 /* Frameworks */,
				212DAEC52196AF1D004563F3 /* Resources */,
			);
			buildRules = (
			);
			dependencies = (
			);
			name = MLkit;
			productName = MLkit;
			productReference = 212DAEC72196AF1D004563F3 /* MLkit.app */;
			productType = "com.apple.product-type.application";
		};
/* End PBXNativeTarget section */

/* Begin PBXProject section */
		212DAEBF2196AF1D004563F3 /* Project object */ = {
			isa = PBXProject;
			attributes = {
				LastSwiftUpdateCheck = 1010;
				LastUpgradeCheck = 1010;
				ORGANIZATIONNAME = "Bhanu Pratap Singh Thapliyal";
				TargetAttributes = {
					212DAEC62196AF1D004563F3 = {
						CreatedOnToolsVersion = 10.1;
					};
				};
			};
			buildConfigurationList = 212DAEC22196AF1D004563F3 /* Build configuration list for PBXProject "MLkit" */;
			compatibilityVersion = "Xcode 9.3";
			developmentRegion = en;
			hasScannedForEncodings = 0;
			knownRegions = (
				en,
				Base,
			);
			mainGroup = 212DAEBE2196AF1D004563F3;
			productRefGroup = 212DAEC82196AF1D004563F3 /* Products */;
			projectDirPath = "";
			projectRoot = "";
			targets = (
				212DAEC62196AF1D004563F3 /* MLkit */,
			);
		};
/* End PBXProject section */

/* Begin PBXResourcesBuildPhase section */
		212DAEC52196AF1D004563F3 /* Resources */ = {
			isa = PBXResourcesBuildPhase;
			buildActionMask = 2147483647;
			files = (
				212DAED52196AF1F004563F3 /* LaunchScreen.storyboard in Resources */,
				212DAED22196AF1F004563F3 /* Assets.xcassets in Resources */,
				212DAED02196AF1D004563F3 /* Main.storyboard in Resources */,
			);
			runOnlyForDeploymentPostprocessing = 0;
		};
/* End PBXResourcesBuildPhase section */

/* Begin PBXSourcesBuildPhase section */
		212DAEC32196AF1D004563F3 /* Sources */ = {
			isa = PBXSourcesBuildPhase;
			buildActionMask = 2147483647;
			files = (
				212DAECD2196AF1D004563F3 /* ViewController.swift in Sources */,
				212DAEDD2196BEE2004563F3 /* Resnet50.mlmodel in Sources */,
				212DAECB2196AF1D004563F3 /* AppDelegate.swift in Sources */,
			);
			runOnlyForDeploymentPostprocessing = 0;
		};
/* End PBXSourcesBuildPhase section */

/* Begin PBXVariantGroup section */
		212DAECE2196AF1D004563F3 /* Main.storyboard */ = {
			isa = PBXVariantGroup;
			children = (
				212DAECF2196AF1D004563F3 /* Base */,
			);
			name = Main.storyboard;
			sourceTree = "<group>";
		};
		212DAED32196AF1F004563F3 /* LaunchScreen.storyboard */ = {
			isa = PBXVariantGroup;
			children = (
				212DAED42196AF1F004563F3 /* Base */,
			);
			name = LaunchScreen.storyboard;
			sourceTree = "<group>";
		};
/* End PBXVariantGroup section */

/* Begin XCBuildConfiguration section */
		212DAED72196AF1F004563F3 /* Debug */ = {
			isa = XCBuildConfiguration;
			buildSettings = {
				ALWAYS_SEARCH_USER_PATHS = NO;
				CLANG_ANALYZER_NONNULL = YES;
				CLANG_ANALYZER_NUMBER_OBJECT_CONVERSION = YES_AGGRESSIVE;
				CLANG_CXX_LANGUAGE_STANDARD = "gnu++14";
				CLANG_CXX_LIBRARY = "libc++";
				CLANG_ENABLE_MODULES = YES;
				CLANG_ENABLE_OBJC_ARC = YES;
				CLANG_ENABLE_OBJC_WEAK = YES;
				CLANG_WARN_BLOCK_CAPTURE_AUTORELEASING = YES;
				CLANG_WARN_BOOL_CONVERSION = YES;
				CLANG_WARN_COMMA = YES;
				CLANG_WARN_CONSTANT_CONVERSION = YES;
				CLANG_WARN_DEPRECATED_OBJC_IMPLEMENTATIONS = YES;
				CLANG_WARN_DIRECT_OBJC_ISA_USAGE = YES_ERROR;
				CLANG_WARN_DOCUMENTATION_COMMENTS = YES;
				CLANG_WARN_EMPTY_BODY = YES;
				CLANG_WARN_ENUM_CONVERSION = YES;
				CLANG_WARN_INFINITE_RECURSION = YES;
				CLANG_WARN_INT_CONVERSION = YES;
				CLANG_WARN_NON_LITERAL_NULL_CONVERSION = YES;
				CLANG_WARN_OBJC_IMPLICIT_RETAIN_SELF = YES;
				CLANG_WARN_OBJC_LITERAL_CONVERSION = YES;
				CLANG_WARN_OBJC_ROOT_CLASS = YES_ERROR;
				CLANG_WARN_RANGE_LOOP_ANALYSIS = YES;
				CLANG_WARN_STRICT_PROTOTYPES = YES;
				CLANG_WARN_SUSPICIOUS_MOVE = YES;
				CLANG_WARN_UNGUARDED_AVAILABILITY = YES_AGGRESSIVE;
				CLANG_WARN_UNREACHABLE_CODE = YES;
				CLANG_WARN__DUPLICATE_METHOD_MATCH = YES;
				CODE_SIGN_IDENTITY = "iPhone Developer";
				COPY_PHASE_STRIP = NO;
				DEBUG_INFORMATION_FORMAT = dwarf;
				ENABLE_STRICT_OBJC_MSGSEND = YES;
				ENABLE_TESTABILITY = YES;
				GCC_C_LANGUAGE_STANDARD = gnu11;
				GCC_DYNAMIC_NO_PIC = NO;
				GCC_NO_COMMON_BLOCKS = YES;
				GCC_OPTIMIZATION_LEVEL = 0;
				GCC_PREPROCESSOR_DEFINITIONS = (
					"DEBUG=1",
					"$(inherited)",
				);
				GCC_WARN_64_TO_32_BIT_CONVERSION = YES;
				GCC_WARN_ABOUT_RETURN_TYPE = YES_ERROR;
				GCC_WARN_UNDECLARED_SELECTOR = YES;
				GCC_WARN_UNINITIALIZED_AUTOS = YES_AGGRESSIVE;
				GCC_WARN_UNUSED_FUNCTION = YES;
				GCC_WARN_UNUSED_VARIABLE = YES;
				IPHONEOS_DEPLOYMENT_TARGET = 12.1;
				MTL_ENABLE_DEBUG_INFO = INCLUDE_SOURCE;
				MTL_FAST_MATH = YES;
				ONLY_ACTIVE_ARCH = YES;
				SDKROOT = iphoneos;
				SWIFT_ACTIVE_COMPILATION_CONDITIONS = DEBUG;
				SWIFT_OPTIMIZATION_LEVEL = "-Onone";
			};
			name = Debug;
		};
		212DAED82196AF1F004563F3 /* Release */ = {
			isa = XCBuildConfiguration;
			buildSettings = {
				ALWAYS_SEARCH_USER_PATHS = NO;
				CLANG_ANALYZER_NONNULL = YES;
				CLANG_ANALYZER_NUMBER_OBJECT_CONVERSION = YES_AGGRESSIVE;
				CLANG_CXX_LANGUAGE_STANDARD = "gnu++14";
				CLANG_CXX_LIBRARY = "libc++";
				CLANG_ENABLE_MODULES = YES;
				CLANG_ENABLE_OBJC_ARC = YES;
				CLANG_ENABLE_OBJC_WEAK = YES;
				CLANG_WARN_BLOCK_CAPTURE_AUTORELEASING = YES;
				CLANG_WARN_BOOL_CONVERSION = YES;
				CLANG_WARN_COMMA = YES;
				CLANG_WARN_CONSTANT_CONVERSION = YES;
				CLANG_WARN_DEPRECATED_OBJC_IMPLEMENTATIONS = YES;
				CLANG_WARN_DIRECT_OBJC_ISA_USAGE = YES_ERROR;
				CLANG_WARN_DOCUMENTATION_COMMENTS = YES;
				CLANG_WARN_EMPTY_BODY = YES;
				CLANG_WARN_ENUM_CONVERSION = YES;
				CLANG_WARN_INFINITE_RECURSION = YES;
				CLANG_WARN_INT_CONVERSION = YES;
				CLANG_WARN_NON_LITERAL_NULL_CONVERSION = YES;
				CLANG_WARN_OBJC_IMPLICIT_RETAIN_SELF = YES;
				CLANG_WARN_OBJC_LITERAL_CONVERSION = YES;
				CLANG_WARN_OBJC_ROOT_CLASS = YES_ERROR;
				CLANG_WARN_RANGE_LOOP_ANALYSIS = YES;
				CLANG_WARN_STRICT_PROTOTYPES = YES;
				CLANG_WARN_SUSPICIOUS_MOVE = YES;
				CLANG_WARN_UNGUARDED_AVAILABILITY = YES_AGGRESSIVE;
				CLANG_WARN_UNREACHABLE_CODE = YES;
				CLANG_WARN__DUPLICATE_METHOD_MATCH = YES;
				CODE_SIGN_IDENTITY = "iPhone Developer";
				COPY_PHASE_STRIP = NO;
				DEBUG_INFORMATION_FORMAT = "dwarf-with-dsym";
				ENABLE_NS_ASSERTIONS = NO;
				ENABLE_STRICT_OBJC_MSGSEND = YES;
				GCC_C_LANGUAGE_STANDARD = gnu11;
				GCC_NO_COMMON_BLOCKS = YES;
				GCC_WARN_64_TO_32_BIT_CONVERSION = YES;
				GCC_WARN_ABOUT_RETURN_TYPE = YES_ERROR;
				GCC_WARN_UNDECLARED_SELECTOR = YES;
				GCC_WARN_UNINITIALIZED_AUTOS = YES_AGGRESSIVE;
				GCC_WARN_UNUSED_FUNCTION = YES;
				GCC_WARN_UNUSED_VARIABLE = YES;
				IPHONEOS_DEPLOYMENT_TARGET = 12.1;
				MTL_ENABLE_DEBUG_INFO = NO;
				MTL_FAST_MATH = YES;
				SDKROOT = iphoneos;
				SWIFT_COMPILATION_MODE = wholemodule;
				SWIFT_OPTIMIZATION_LEVEL = "-O";
				VALIDATE_PRODUCT = YES;
			};
			name = Release;
		};
		212DAEDA2196AF1F004563F3 /* Debug */ = {
			isa = XCBuildConfiguration;
			buildSettings = {
				ASSETCATALOG_COMPILER_APPICON_NAME = AppIcon;
				CODE_SIGN_STYLE = Automatic;
				DEVELOPMENT_TEAM = 6G5UJLQFVA;
				INFOPLIST_FILE = MLkit/Info.plist;
				IPHONEOS_DEPLOYMENT_TARGET = 11;
				LD_RUNPATH_SEARCH_PATHS = (
					"$(inherited)",
					"@executable_path/Frameworks",
				);
				PRODUCT_BUNDLE_IDENTIFIER = bhanu.MLkit;
				PRODUCT_NAME = "$(TARGET_NAME)";
				SWIFT_VERSION = 4.2;
				TARGETED_DEVICE_FAMILY = 1;
			};
			name = Debug;
		};
		212DAEDB2196AF1F004563F3 /* Release */ = {
			isa = XCBuildConfiguration;
			buildSettings = {
				ASSETCATALOG_COMPILER_APPICON_NAME = AppIcon;
				CODE_SIGN_STYLE = Automatic;
				DEVELOPMENT_TEAM = 6G5UJLQFVA;
				INFOPLIST_FILE = MLkit/Info.plist;
				IPHONEOS_DEPLOYMENT_TARGET = 11;
				LD_RUNPATH_SEARCH_PATHS = (
					"$(inherited)",
					"@executable_path/Frameworks",
				);
				PRODUCT_BUNDLE_IDENTIFIER = bhanu.MLkit;
				PRODUCT_NAME = "$(TARGET_NAME)";
				SWIFT_VERSION = 4.2;
				TARGETED_DEVICE_FAMILY = 1;
			};
			name = Release;
		};
/* End XCBuildConfiguration section */

/* Begin XCConfigurationList section */
		212DAEC22196AF1D004563F3 /* Build configuration list for PBXProject "MLkit" */ = {
			isa = XCConfigurationList;
			buildConfigurations = (
				212DAED72196AF1F004563F3 /* Debug */,
				212DAED82196AF1F004563F3 /* Release */,
			);
			defaultConfigurationIsVisible = 0;
			defaultConfigurationName = Release;
		};
		212DAED92196AF1F004563F3 /* Build configuration list for PBXNativeTarget "MLkit" */ = {
			isa = XCConfigurationList;
			buildConfigurations = (
				212DAEDA2196AF1F004563F3 /* Debug */,
				212DAEDB2196AF1F004563F3 /* Release */,
			);
			defaultConfigurationIsVisible = 0;
			defaultConfigurationName = Release;
		};
/* End XCConfigurationList section */
	};
	rootObject = 212DAEBF2196AF1D004563F3 /* Project object */;
}
